
Microsoft Visual Studio Solution File, Format Version 12.00
# Visual Studio Version 16
VisualStudioVersion = 16.0.29911.84
MinimumVisualStudioVersion = 10.0.40219.1
Project("{FAE04EC0-301F-11D3-BF4B-00C04F79EFBC}") = "Complete React CRUD with Asp.Net Core Web API", "Complete React CRUD with Asp.Net Core Web API\Complete React CRUD with Asp.Net Core Web API.csproj", "{D7140E7D-BC19-4FF3-8688-A3CA3678B90D}"
EndProject
Global
	GlobalSection(SolutionConfigurationPlatforms) = preSolution
		Debug|Any CPU = Debug|Any CPU
		Release|Any CPU = Release|Any CPU
	EndGlobalSection
	GlobalSection(ProjectConfigurationPlatforms) = postSolution
		{D7140E7D-BC19-4FF3-8688-A3CA3678B90D}.Debug|Any CPU.ActiveCfg = Debug|Any CPU
		{D7140E7D-BC19-4FF3-8688-A3CA3678B90D}.Debug|Any CPU.Build.0 = Debug|Any CPU
		{D7140E7D-BC19-4FF3-8688-A3CA3678B90D}.Release|Any CPU.ActiveCfg = Release|Any CPU
		{D7140E7D-BC19-4FF3-8688-A3CA3678B90D}.Release|Any CPU.Build.0 = Release|Any CPU
	EndGlobalSection
	GlobalSection(SolutionProperties) = preSolution
		HideSolutionNode = FALSE
	EndGlobalSection
	GlobalSection(ExtensibilityGlobals) = postSolution
		SolutionGuid = {54CC4530-0EEE-406C-9AC6-4C17E3FABC30}
	EndGlobalSection
EndGlobal
